
Microsoft Visual Studio Solution File, Format Version 12.00
# Visual Studio Version 16
VisualStudioVersion = 25.0.1705.1
MinimumVisualStudioVersion = 10.0.40219.1
Project("{FAE04EC0-301F-11D3-BF4B-00C04F79EFBC}") = "ComponentRouting.Maui", "ComponentRouting.Maui\ComponentRouting.Maui.csproj", "{74329674-5110-4B80-9769-CA88997C037F}"
EndProject
Project("{FAE04EC0-301F-11D3-BF4B-00C04F79EFBC}") = "ComponentRouting.Maui.Tests", "ComponentRouting.Maui.Tests\ComponentRouting.Maui.Tests.csproj", "{16E748E7-F41F-4492-B7F9-CA6BDBF7BCF8}"
EndProject
Project("{2150E333-8FDC-42A3-9474-1A3956D46DE8}") = "SAMPLE", "SAMPLE", "{4F9DEAE5-078F-E77A-2E4A-FEB6FFE226FF}"
EndProject
Project("{FAE04EC0-301F-11D3-BF4B-00C04F79EFBC}") = "ComponentRouting.Maui.Sample", "SAMPLE\ComponentRouting.Maui.Sample\ComponentRouting.Maui.Sample.csproj", "{DB5F7A86-0BAD-4C0C-A90E-0A6C801B2CDD}"
EndProject
Project("{FAE04EC0-301F-11D3-BF4B-00C04F79EFBC}") = "ComponentRouting.Core", "ComponentRouting.Core\ComponentRouting.Core.csproj", "{83C3CC47-6D75-4ABC-9A45-DE30C3A6F8F4}"
EndProject
Global
	GlobalSection(SolutionConfigurationPlatforms) = preSolution
		Debug|Any CPU = Debug|Any CPU
		Debug|x64 = Debug|x64
		Debug|x86 = Debug|x86
		Release|Any CPU = Release|Any CPU
		Release|x64 = Release|x64
		Release|x86 = Release|x86
	EndGlobalSection
	GlobalSection(ProjectConfigurationPlatforms) = postSolution
		{74329674-5110-4B80-9769-CA88997C037F}.Debug|Any CPU.ActiveCfg = Debug|Any CPU
		{74329674-5110-4B80-9769-CA88997C037F}.Debug|Any CPU.Build.0 = Debug|Any CPU
		{74329674-5110-4B80-9769-CA88997C037F}.Debug|x64.ActiveCfg = Debug|Any CPU
		{74329674-5110-4B80-9769-CA88997C037F}.Debug|x64.Build.0 = Debug|Any CPU
		{74329674-5110-4B80-9769-CA88997C037F}.Debug|x86.ActiveCfg = Debug|Any CPU
		{74329674-5110-4B80-9769-CA88997C037F}.Debug|x86.Build.0 = Debug|Any CPU
		{74329674-5110-4B80-9769-CA88997C037F}.Release|Any CPU.ActiveCfg = Release|Any CPU
		{74329674-5110-4B80-9769-CA88997C037F}.Release|Any CPU.Build.0 = Release|Any CPU
		{74329674-5110-4B80-9769-CA88997C037F}.Release|x64.ActiveCfg = Release|Any CPU
		{74329674-5110-4B80-9769-CA88997C037F}.Release|x64.Build.0 = Release|Any CPU
		{74329674-5110-4B80-9769-CA88997C037F}.Release|x86.ActiveCfg = Release|Any CPU
		{74329674-5110-4B80-9769-CA88997C037F}.Release|x86.Build.0 = Release|Any CPU
		{16E748E7-F41F-4492-B7F9-CA6BDBF7BCF8}.Debug|Any CPU.ActiveCfg = Debug|Any CPU
		{16E748E7-F41F-4492-B7F9-CA6BDBF7BCF8}.Debug|Any CPU.Build.0 = Debug|Any CPU
		{16E748E7-F41F-4492-B7F9-CA6BDBF7BCF8}.Debug|x64.ActiveCfg = Debug|Any CPU
		{16E748E7-F41F-4492-B7F9-CA6BDBF7BCF8}.Debug|x64.Build.0 = Debug|Any CPU
		{16E748E7-F41F-4492-B7F9-CA6BDBF7BCF8}.Debug|x86.ActiveCfg = Debug|Any CPU
		{16E748E7-F41F-4492-B7F9-CA6BDBF7BCF8}.Debug|x86.Build.0 = Debug|Any CPU
		{16E748E7-F41F-4492-B7F9-CA6BDBF7BCF8}.Release|Any CPU.ActiveCfg = Release|Any CPU
		{16E748E7-F41F-4492-B7F9-CA6BDBF7BCF8}.Release|Any CPU.Build.0 = Release|Any CPU
		{16E748E7-F41F-4492-B7F9-CA6BDBF7BCF8}.Release|x64.ActiveCfg = Release|Any CPU
		{16E748E7-F41F-4492-B7F9-CA6BDBF7BCF8}.Release|x64.Build.0 = Release|Any CPU
		{16E748E7-F41F-4492-B7F9-CA6BDBF7BCF8}.Release|x86.ActiveCfg = Release|Any CPU
		{16E748E7-F41F-4492-B7F9-CA6BDBF7BCF8}.Release|x86.Build.0 = Release|Any CPU
		{DB5F7A86-0BAD-4C0C-A90E-0A6C801B2CDD}.Debug|Any CPU.ActiveCfg = Debug|Any CPU
		{DB5F7A86-0BAD-4C0C-A90E-0A6C801B2CDD}.Debug|Any CPU.Build.0 = Debug|Any CPU
		{DB5F7A86-0BAD-4C0C-A90E-0A6C801B2CDD}.Debug|x64.ActiveCfg = Debug|Any CPU
		{DB5F7A86-0BAD-4C0C-A90E-0A6C801B2CDD}.Debug|x64.Build.0 = Debug|Any CPU
		{DB5F7A86-0BAD-4C0C-A90E-0A6C801B2CDD}.Debug|x86.ActiveCfg = Debug|Any CPU
		{DB5F7A86-0BAD-4C0C-A90E-0A6C801B2CDD}.Debug|x86.Build.0 = Debug|Any CPU
		{DB5F7A86-0BAD-4C0C-A90E-0A6C801B2CDD}.Release|Any CPU.ActiveCfg = Release|Any CPU
		{DB5F7A86-0BAD-4C0C-A90E-0A6C801B2CDD}.Release|Any CPU.Build.0 = Release|Any CPU
		{DB5F7A86-0BAD-4C0C-A90E-0A6C801B2CDD}.Release|x64.ActiveCfg = Release|Any CPU
		{DB5F7A86-0BAD-4C0C-A90E-0A6C801B2CDD}.Release|x64.Build.0 = Release|Any CPU
		{DB5F7A86-0BAD-4C0C-A90E-0A6C801B2CDD}.Release|x86.ActiveCfg = Release|Any CPU
		{DB5F7A86-0BAD-4C0C-A90E-0A6C801B2CDD}.Debug|Any CPU.Build.0 = Debug|Any CPU
		{DB5F7A86-0BAD-4C0C-A90E-0A6C801B2CDD}.Debug|Any CPU.Deploy.0 = Debug|Any CPU
		{DB5F7A86-0BAD-4C0C-A90E-0A6C801B2CDD}.Release|x86.Build.0 = Release|Any CPU
		{83C3CC47-6D75-4ABC-9A45-DE30C3A6F8F4}.Debug|Any CPU.ActiveCfg = Debug|Any CPU
		{83C3CC47-6D75-4ABC-9A45-DE30C3A6F8F4}.Debug|Any CPU.Build.0 = Debug|Any CPU
		{83C3CC47-6D75-4ABC-9A45-DE30C3A6F8F4}.Debug|x64.ActiveCfg = Debug|Any CPU
		{83C3CC47-6D75-4ABC-9A45-DE30C3A6F8F4}.Debug|x64.Build.0 = Debug|Any CPU
		{83C3CC47-6D75-4ABC-9A45-DE30C3A6F8F4}.Debug|x86.ActiveCfg = Debug|Any CPU
		{83C3CC47-6D75-4ABC-9A45-DE30C3A6F8F4}.Debug|x86.Build.0 = Debug|Any CPU
		{83C3CC47-6D75-4ABC-9A45-DE30C3A6F8F4}.Release|Any CPU.ActiveCfg = Release|Any CPU
		{83C3CC47-6D75-4ABC-9A45-DE30C3A6F8F4}.Release|Any CPU.Build.0 = Release|Any CPU
		{83C3CC47-6D75-4ABC-9A45-DE30C3A6F8F4}.Release|x64.ActiveCfg = Release|Any CPU
		{83C3CC47-6D75-4ABC-9A45-DE30C3A6F8F4}.Release|x64.Build.0 = Release|Any CPU
		{83C3CC47-6D75-4ABC-9A45-DE30C3A6F8F4}.Release|x86.ActiveCfg = Release|Any CPU
		{83C3CC47-6D75-4ABC-9A45-DE30C3A6F8F4}.Release|x86.Build.0 = Release|Any CPU
	EndGlobalSection
	GlobalSection(SolutionProperties) = preSolution
		HideSolutionNode = FALSE
	EndGlobalSection
	GlobalSection(NestedProjects) = preSolution
		{DB5F7A86-0BAD-4C0C-A90E-0A6C801B2CDD} = {4F9DEAE5-078F-E77A-2E4A-FEB6FFE226FF}
	EndGlobalSection
	GlobalSection(ExtensibilityGlobals) = postSolution
		SolutionGuid = {86A8407E-CECC-41C6-943A-FAECC038D645}
	EndGlobalSection
EndGlobal
